github.com/hattya/go.cli v0.0.0-20230218013454-25866fd37116 h1:qgSZrJH1AklwSXTuX8NOPzIgfY+ikWXJO/5MkxwrH/A=
github.com/hattya/go.cli v0.0.0-20230218013454-25866fd37116/go.mod h1:oSDxDEmFEGOCK7Zxn6MfznJi01xw/dFten6h0JNt/Yw=
github.com/hattya/go.diff v0.0.0-20230209123729-c2eebc3d7794 h1:eeFMRoetkKAaPtBpVVFmWzKNrPHGycDBiNsBInd2fpQ=
github.com/hattya/go.diff v0.0.0-20230209123729-c2eebc3d7794/go.mod h1:9GenkidlwRctxfnPELRdJ6z3XmL1TvicffeS9+8K1Xk=
golang.org/x/sys v0.5.0 h1:MUK/U/4lj1t1oPg0HfuXDN/Z1wv31ZJ/YcPiGccS4DU=
golang.org/x/sys v0.5.0/go.mod h1:oPkhp1MJrh7nUepCBck5+mAzfO9JrbApNNgaTdGDITg=
golang.org/x/term v0.5.0 h1:n2a8QNdAb0sZNpU9R1ALUXBbY+w51fCQDN+7EdxNBsY=
golang.org/x/term v0.5.0/go.mod h1:jMB1sMXY+tzblOD4FWmEbocvup2/aLOaQEp7JmGp78k=
