github.com/hattya/go.cli v0.1.0 h1:2mFvLEdnwPFxketRSkssBPfZtp/xNPEaOg6177SXOX8=
github.com/hattya/go.cli v0.1.0/go.mod h1:XvSQk0Se9+2wQEtPoqtKzJ3+P+trSe7c7Vm5UFKYqG4=
github.com/hattya/go.diff v0.1.0 h1:3aKk7iZmDOLPy/gZgM8uqqMTaYcGVFzAizIvV5Fw30s=
github.com/hattya/go.diff v0.1.0/go.mod h1:Ug7uUN8Js6Kse32jOlahcEKoGKWREIM9hTbuMRWmSi4=
golang.org/x/sys v0.41.0 h1:Ivj+2Cp/ylzLiEU89QhWblYnOE9zerudt9Ftecq2C6k=
golang.org/x/sys v0.41.0/go.mod h1:OgkHotnGiDImocRcuBABYBEXf8A9a87e/uXjp9XT3ks=
golang.org/x/term v0.40.0 h1:36e4zGLqU4yhjlmxEaagx2KuYbJq3EwY8K943ZsHcvg=
golang.org/x/term v0.40.0/go.mod h1:w2P8uVp06p2iyKKuvXIm7N/y0UCRt3UfJTfZ7oOpglM=
