# This file is autogenerated, do not edit; changes may be undone by the next 'dep ensure'.


[[projects]]
  branch = "master"
  name = "github.com/hattya/go.cli"
  packages = ["."]
  revision = "24167262e882618e2367d8833c86e700e9aadc13"

[[projects]]
  branch = "master"
  name = "github.com/hattya/go.diff"
  packages = ["."]
  revision = "b72c9533cd86123927f4b68f284bf9ac7bb1d370"

[[projects]]
  branch = "master"
  name = "golang.org/x/crypto"
  packages = ["ssh/terminal"]
  revision = "3d37316aaa6bd9929127ac9a527abf408178ea7b"

[[projects]]
  branch = "master"
  name = "golang.org/x/sys"
  packages = [
    "unix",
    "windows"
  ]
  revision = "af50095a40f9041b3b38960738837185c26e9419"

[solve-meta]
  analyzer-name = "dep"
  analyzer-version = 1
  inputs-digest = "b51450cfadfe10fd9589065fc35be375721d8942e298af419d76c2bce7fe4460"
  solver-name = "gps-cdcl"
  solver-version = 1
